// !$*UTF8*$!
{
	archiveVersion = 1;
	classes = {
	};
	objectVersion = 51;
	objects = {

/* Begin PBXBuildFile section */
		857C93A425C836D100D82213 /* RecordVC.swift in Sources */ = {isa = PBXBuildFile; fileRef = 857C93A325C836D100D82213 /* RecordVC.swift */; };
		857C93A625C846CB00D82213 /* FormattedStringManager.swift in Sources */ = {isa = PBXBuildFile; fileRef = 857C93A525C846CB00D82213 /* FormattedStringManager.swift */; };
		857C93AE25C8B8AB00D82213 /* RecordTableViewCell.swift in Sources */ = {isa = PBXBuildFile; fileRef = 857C93AD25C8B8AB00D82213 /* RecordTableViewCell.swift */; };
		8581EB9425C7189700F4E5EA /* BorderedButton.swift in Sources */ = {isa = PBXBuildFile; fileRef = 8581EB9325C7189700F4E5EA /* BorderedButton.swift */; };
		858CD91125CB148400261BD4 /* Extensions.swift in Sources */ = {isa = PBXBuildFile; fileRef = 858CD91025CB148400261BD4 /* Extensions.swift */; };
		858CD91325CBC87600261BD4 /* ModificationType.swift in Sources */ = {isa = PBXBuildFile; fileRef = 858CD91225CBC87600261BD4 /* ModificationType.swift */; };
		85BBD75525C725A9006F5D53 /* BMColor.swift in Sources */ = {isa = PBXBuildFile; fileRef = 85BBD75425C725A9006F5D53 /* BMColor.swift */; };
		85BBD75725C72EFE006F5D53 /* BorderedView.swift in Sources */ = {isa = PBXBuildFile; fileRef = 85BBD75625C72EFE006F5D53 /* BorderedView.swift */; };
		85BBD75925C82DCE006F5D53 /* BMButton.swift in Sources */ = {isa = PBXBuildFile; fileRef = 85BBD75825C82DCE006F5D53 /* BMButton.swift */; };
		85F8420625CAE8A40073332F /* CryIntervals.swift in Sources */ = {isa = PBXBuildFile; fileRef = 85F8420525CAE8A40073332F /* CryIntervals.swift */; };
		A1C4876925B7492700FAD26D /* AppDelegate.swift in Sources */ = {isa = PBXBuildFile; fileRef = A1C4876825B7492700FAD26D /* AppDelegate.swift */; };
		A1C4876B25B7492700FAD26D /* SceneDelegate.swift in Sources */ = {isa = PBXBuildFile; fileRef = A1C4876A25B7492700FAD26D /* SceneDelegate.swift */; };
		A1C4876D25B7492700FAD26D /* MenuVC.swift in Sources */ = {isa = PBXBuildFile; fileRef = A1C4876C25B7492700FAD26D /* MenuVC.swift */; };
		A1C4877025B7492700FAD26D /* Prototypes.storyboard in Resources */ = {isa = PBXBuildFile; fileRef = A1C4876E25B7492700FAD26D /* Prototypes.storyboard */; };
		A1C4877225B7492A00FAD26D /* Assets.xcassets in Resources */ = {isa = PBXBuildFile; fileRef = A1C4877125B7492A00FAD26D /* Assets.xcassets */; };
		A1C4877525B7492A00FAD26D /* LaunchScreen.storyboard in Resources */ = {isa = PBXBuildFile; fileRef = A1C4877325B7492A00FAD26D /* LaunchScreen.storyboard */; };
		A1C4879C25B7829600FAD26D /* ESC10SoundClassifierModel.mlmodel in Sources */ = {isa = PBXBuildFile; fileRef = A1C4879B25B7829600FAD26D /* ESC10SoundClassifierModel.mlmodel */; };
		A1C487C925B78D3200FAD26D /* AudioPreprocessing.m in Sources */ = {isa = PBXBuildFile; fileRef = A1C487C825B78D3200FAD26D /* AudioPreprocessing.m */; };
		A1C487DF25B7917E00FAD26D /* AudioToolbox.framework in Frameworks */ = {isa = PBXBuildFile; fileRef = A1C487DE25B7917E00FAD26D /* AudioToolbox.framework */; };
		A1C487EF25B883D700FAD26D /* AudioManager.swift in Sources */ = {isa = PBXBuildFile; fileRef = A1C487EE25B883D700FAD26D /* AudioManager.swift */; };
		A7A78AABD7FD912664303B9E /* Pods_CodingAssignment2021.framework in Frameworks */ = {isa = PBXBuildFile; fileRef = 9FA6DF9801C5E031DF1E81D6 /* Pods_CodingAssignment2021.framework */; };
/* End PBXBuildFile section */

/* Begin PBXCopyFilesBuildPhase section */
		A1C487C225B78C0600FAD26D /* Embed Libraries */ = {
			isa = PBXCopyFilesBuildPhase;
			buildActionMask = 2147483647;
			dstPath = "";
			dstSubfolderSpec = 10;
			files = (
			);
			name = "Embed Libraries";
			runOnlyForDeploymentPostprocessing = 0;
		};
/* End PBXCopyFilesBuildPhase section */

/* Begin PBXFileReference section */
		857C93A325C836D100D82213 /* RecordVC.swift */ = {isa = PBXFileReference; lastKnownFileType = sourcecode.swift; path = RecordVC.swift; sourceTree = "<group>"; };
		857C93A525C846CB00D82213 /* FormattedStringManager.swift */ = {isa = PBXFileReference; lastKnownFileType = sourcecode.swift; path = FormattedStringManager.swift; sourceTree = "<group>"; };
		857C93AD25C8B8AB00D82213 /* RecordTableViewCell.swift */ = {isa = PBXFileReference; lastKnownFileType = sourcecode.swift; path = RecordTableViewCell.swift; sourceTree = "<group>"; };
		8581EB9325C7189700F4E5EA /* BorderedButton.swift */ = {isa = PBXFileReference; lastKnownFileType = sourcecode.swift; path = BorderedButton.swift; sourceTree = "<group>"; };
		858CD91025CB148400261BD4 /* Extensions.swift */ = {isa = PBXFileReference; lastKnownFileType = sourcecode.swift; path = Extensions.swift; sourceTree = "<group>"; };
		858CD91225CBC87600261BD4 /* ModificationType.swift */ = {isa = PBXFileReference; lastKnownFileType = sourcecode.swift; path = ModificationType.swift; sourceTree = "<group>"; };
		85BBD75425C725A9006F5D53 /* BMColor.swift */ = {isa = PBXFileReference; lastKnownFileType = sourcecode.swift; path = BMColor.swift; sourceTree = "<group>"; };
		85BBD75625C72EFE006F5D53 /* BorderedView.swift */ = {isa = PBXFileReference; lastKnownFileType = sourcecode.swift; path = BorderedView.swift; sourceTree = "<group>"; };
		85BBD75825C82DCE006F5D53 /* BMButton.swift */ = {isa = PBXFileReference; lastKnownFileType = sourcecode.swift; path = BMButton.swift; sourceTree = "<group>"; };
		85F8420525CAE8A40073332F /* CryIntervals.swift */ = {isa = PBXFileReference; lastKnownFileType = sourcecode.swift; path = CryIntervals.swift; sourceTree = "<group>"; };
		9FA6DF9801C5E031DF1E81D6 /* Pods_CodingAssignment2021.framework */ = {isa = PBXFileReference; explicitFileType = wrapper.framework; includeInIndex = 0; path = Pods_CodingAssignment2021.framework; sourceTree = BUILT_PRODUCTS_DIR; };
		A1C4876525B7492700FAD26D /* CodingAssignment2021.app */ = {isa = PBXFileReference; explicitFileType = wrapper.application; includeInIndex = 0; path = CodingAssignment2021.app; sourceTree = BUILT_PRODUCTS_DIR; };
		A1C4876825B7492700FAD26D /* AppDelegate.swift */ = {isa = PBXFileReference; lastKnownFileType = sourcecode.swift; path = AppDelegate.swift; sourceTree = "<group>"; };
		A1C4876A25B7492700FAD26D /* SceneDelegate.swift */ = {isa = PBXFileReference; lastKnownFileType = sourcecode.swift; path = SceneDelegate.swift; sourceTree = "<group>"; };
		A1C4876C25B7492700FAD26D /* MenuVC.swift */ = {isa = PBXFileReference; lastKnownFileType = sourcecode.swift; path = MenuVC.swift; sourceTree = "<group>"; };
		A1C4876F25B7492700FAD26D /* Base */ = {isa = PBXFileReference; lastKnownFileType = file.storyboard; name = Base; path = Base.lproj/Prototypes.storyboard; sourceTree = "<group>"; };
		A1C4877125B7492A00FAD26D /* Assets.xcassets */ = {isa = PBXFileReference; lastKnownFileType = folder.assetcatalog; path = Assets.xcassets; sourceTree = "<group>"; };
		A1C4877425B7492A00FAD26D /* Base */ = {isa = PBXFileReference; lastKnownFileType = file.storyboard; name = Base; path = Base.lproj/LaunchScreen.storyboard; sourceTree = "<group>"; };
		A1C4877625B7492A00FAD26D /* Info.plist */ = {isa = PBXFileReference; lastKnownFileType = text.plist.xml; path = Info.plist; sourceTree = "<group>"; };
		A1C4879B25B7829600FAD26D /* ESC10SoundClassifierModel.mlmodel */ = {isa = PBXFileReference; lastKnownFileType = file.mlmodel; path = ESC10SoundClassifierModel.mlmodel; sourceTree = "<group>"; };
		A1C487C625B78D1900FAD26D /* AudioPreprocessing.h */ = {isa = PBXFileReference; lastKnownFileType = sourcecode.c.h; path = AudioPreprocessing.h; sourceTree = "<group>"; };
		A1C487C725B78D3200FAD26D /* CodingAssignment2021-Bridging-Header.h */ = {isa = PBXFileReference; lastKnownFileType = sourcecode.c.h; path = "CodingAssignment2021-Bridging-Header.h"; sourceTree = "<group>"; };
		A1C487C825B78D3200FAD26D /* AudioPreprocessing.m */ = {isa = PBXFileReference; lastKnownFileType = sourcecode.c.objc; path = AudioPreprocessing.m; sourceTree = "<group>"; };
		A1C487DC25B7917E00FAD26D /* CodingAssignment2021.entitlements */ = {isa = PBXFileReference; lastKnownFileType = text.plist.entitlements; path = CodingAssignment2021.entitlements; sourceTree = "<group>"; };
		A1C487DE25B7917E00FAD26D /* AudioToolbox.framework */ = {isa = PBXFileReference; lastKnownFileType = wrapper.framework; name = AudioToolbox.framework; path = System/Library/Frameworks/AudioToolbox.framework; sourceTree = SDKROOT; };
		A1C487EE25B883D700FAD26D /* AudioManager.swift */ = {isa = PBXFileReference; lastKnownFileType = sourcecode.swift; path = AudioManager.swift; sourceTree = "<group>"; };
		B8740A0E4330E7F60382080D /* Pods-CodingAssignment2021.debug.xcconfig */ = {isa = PBXFileReference; includeInIndex = 1; lastKnownFileType = text.xcconfig; name = "Pods-CodingAssignment2021.debug.xcconfig"; path = "Target Support Files/Pods-CodingAssignment2021/Pods-CodingAssignment2021.debug.xcconfig"; sourceTree = "<group>"; };
		FA5A4F99C266D0B7B718BB5C /* Pods-CodingAssignment2021.release.xcconfig */ = {isa = PBXFileReference; includeInIndex = 1; lastKnownFileType = text.xcconfig; name = "Pods-CodingAssignment2021.release.xcconfig"; path = "Target Support Files/Pods-CodingAssignment2021/Pods-CodingAssignment2021.release.xcconfig"; sourceTree = "<group>"; };
/* End PBXFileReference section */

/* Begin PBXFrameworksBuildPhase section */
		A1C4876225B7492700FAD26D /* Frameworks */ = {
			isa = PBXFrameworksBuildPhase;
			buildActionMask = 2147483647;
			files = (
				A1C487DF25B7917E00FAD26D /* AudioToolbox.framework in Frameworks */,
				A7A78AABD7FD912664303B9E /* Pods_CodingAssignment2021.framework in Frameworks */,
			);
			runOnlyForDeploymentPostprocessing = 0;
		};
/* End PBXFrameworksBuildPhase section */

/* Begin PBXGroup section */
		A1C4875C25B7492600FAD26D = {
			isa = PBXGroup;
			children = (
				A1C4876725B7492700FAD26D /* CodingAssignment2021 */,
				A1C4876625B7492700FAD26D /* Products */,
				A1C487DD25B7917E00FAD26D /* Frameworks */,
				DBB0E6723154CCD63980E17B /* Pods */,
			);
			sourceTree = "<group>";
		};
		A1C4876625B7492700FAD26D /* Products */ = {
			isa = PBXGroup;
			children = (
				A1C4876525B7492700FAD26D /* CodingAssignment2021.app */,
			);
			name = Products;
			sourceTree = "<group>";
		};
		A1C4876725B7492700FAD26D /* CodingAssignment2021 */ = {
			isa = PBXGroup;
			children = (
				A1C4877625B7492A00FAD26D /* Info.plist */,
				A1C487C725B78D3200FAD26D /* CodingAssignment2021-Bridging-Header.h */,
				A1C4879B25B7829600FAD26D /* ESC10SoundClassifierModel.mlmodel */,
				8581EB9325C7189700F4E5EA /* BorderedButton.swift */,
				85BBD75625C72EFE006F5D53 /* BorderedView.swift */,
				A1C4876825B7492700FAD26D /* AppDelegate.swift */,
				A1C4876A25B7492700FAD26D /* SceneDelegate.swift */,
				A1C4876C25B7492700FAD26D /* MenuVC.swift */,
				857C93AD25C8B8AB00D82213 /* RecordTableViewCell.swift */,
				857C93A325C836D100D82213 /* RecordVC.swift */,
				A1C487EE25B883D700FAD26D /* AudioManager.swift */,
				857C93A525C846CB00D82213 /* FormattedStringManager.swift */,
				85BBD75425C725A9006F5D53 /* BMColor.swift */,
				85BBD75825C82DCE006F5D53 /* BMButton.swift */,
				85F8420525CAE8A40073332F /* CryIntervals.swift */,
				858CD91025CB148400261BD4 /* Extensions.swift */,
				A1C487E725B8835E00FAD26D /* Supporting Files */,
				A1C4877125B7492A00FAD26D /* Assets.xcassets */,
				A1C487C525B78CFD00FAD26D /* AudioPreprocessingLib */,
				858CD91225CBC87600261BD4 /* ModificationType.swift */,
			);
			path = CodingAssignment2021;
			sourceTree = "<group>";
		};
		A1C487C525B78CFD00FAD26D /* AudioPreprocessingLib */ = {
			isa = PBXGroup;
			children = (
				A1C487C625B78D1900FAD26D /* AudioPreprocessing.h */,
				A1C487C825B78D3200FAD26D /* AudioPreprocessing.m */,
			);
			path = AudioPreprocessingLib;
			sourceTree = "<group>";
		};
		A1C487DD25B7917E00FAD26D /* Frameworks */ = {
			isa = PBXGroup;
			children = (
				A1C4877325B7492A00FAD26D /* LaunchScreen.storyboard */,
				A1C487DE25B7917E00FAD26D /* AudioToolbox.framework */,
				9FA6DF9801C5E031DF1E81D6 /* Pods_CodingAssignment2021.framework */,
			);
			name = Frameworks;
			sourceTree = "<group>";
		};
		A1C487E725B8835E00FAD26D /* Supporting Files */ = {
			isa = PBXGroup;
			children = (
				A1C487DC25B7917E00FAD26D /* CodingAssignment2021.entitlements */,
				A1C4876E25B7492700FAD26D /* Prototypes.storyboard */,
			);
			path = "Supporting Files";
			sourceTree = "<group>";
		};
		DBB0E6723154CCD63980E17B /* Pods */ = {
			isa = PBXGroup;
			children = (
				B8740A0E4330E7F60382080D /* Pods-CodingAssignment2021.debug.xcconfig */,
				FA5A4F99C266D0B7B718BB5C /* Pods-CodingAssignment2021.release.xcconfig */,
			);
			path = Pods;
			sourceTree = "<group>";
		};
/* End PBXGroup section */

/* Begin PBXNativeTarget section */
		A1C4876425B7492700FAD26D /* CodingAssignment2021 */ = {
			isa = PBXNativeTarget;
			buildConfigurationList = A1C4878F25B7492A00FAD26D /* Build configuration list for PBXNativeTarget "CodingAssignment2021" */;
			buildPhases = (
				228FD515BDC0161F31942DB6 /* [CP] Check Pods Manifest.lock */,
				A1C4876125B7492700FAD26D /* Sources */,
				A1C4876225B7492700FAD26D /* Frameworks */,
				A1C4876325B7492700FAD26D /* Resources */,
				A1C487C225B78C0600FAD26D /* Embed Libraries */,
				3CF18E508EEBC45B96CA83B7 /* [CP] Embed Pods Frameworks */,
			);
			buildRules = (
			);
			dependencies = (
			);
			name = CodingAssignment2021;
			productName = CodingAssignment2021;
			productReference = A1C4876525B7492700FAD26D /* CodingAssignment2021.app */;
			productType = "com.apple.product-type.application";
		};
/* End PBXNativeTarget section */

/* Begin PBXProject section */
		A1C4875D25B7492600FAD26D /* Project object */ = {
			isa = PBXProject;
			attributes = {
				KnownAssetTags = (
					New,
				);
				LastSwiftUpdateCheck = 1200;
				LastUpgradeCheck = 1200;
				TargetAttributes = {
					A1C4876425B7492700FAD26D = {
						CreatedOnToolsVersion = 12.0.1;
						LastSwiftMigration = 1200;
					};
				};
			};
			buildConfigurationList = A1C4876025B7492600FAD26D /* Build configuration list for PBXProject "CodingAssignment2021" */;
			compatibilityVersion = "Xcode 9.3";
			developmentRegion = en;
			hasScannedForEncodings = 0;
			knownRegions = (
				en,
				Base,
			);
			mainGroup = A1C4875C25B7492600FAD26D;
			productRefGroup = A1C4876625B7492700FAD26D /* Products */;
			projectDirPath = "";
			projectRoot = "";
			targets = (
				A1C4876425B7492700FAD26D /* CodingAssignment2021 */,
			);
		};
/* End PBXProject section */

/* Begin PBXResourcesBuildPhase section */
		A1C4876325B7492700FAD26D /* Resources */ = {
			isa = PBXResourcesBuildPhase;
			buildActionMask = 2147483647;
			files = (
				A1C4877525B7492A00FAD26D /* LaunchScreen.storyboard in Resources */,
				A1C4877225B7492A00FAD26D /* Assets.xcassets in Resources */,
				A1C4877025B7492700FAD26D /* Prototypes.storyboard in Resources */,
			);
			runOnlyForDeploymentPostprocessing = 0;
		};
/* End PBXResourcesBuildPhase section */

/* Begin PBXShellScriptBuildPhase section */
		228FD515BDC0161F31942DB6 /* [CP] Check Pods Manifest.lock */ = {
			isa = PBXShellScriptBuildPhase;
			buildActionMask = 2147483647;
			files = (
			);
			inputFileListPaths = (
			);
			inputPaths = (
				"${PODS_PODFILE_DIR_PATH}/Podfile.lock",
				"${PODS_ROOT}/Manifest.lock",
			);
			name = "[CP] Check Pods Manifest.lock";
			outputFileListPaths = (
			);
			outputPaths = (
				"$(DERIVED_FILE_DIR)/Pods-CodingAssignment2021-checkManifestLockResult.txt",
			);
			runOnlyForDeploymentPostprocessing = 0;
			shellPath = /bin/sh;
			shellScript = "diff \"${PODS_PODFILE_DIR_PATH}/Podfile.lock\" \"${PODS_ROOT}/Manifest.lock\" > /dev/null\nif [ $? != 0 ] ; then\n    # print error to STDERR\n    echo \"error: The sandbox is not in sync with the Podfile.lock. Run 'pod install' or update your CocoaPods installation.\" >&2\n    exit 1\nfi\n# This output is used by Xcode 'outputs' to avoid re-running this script phase.\necho \"SUCCESS\" > \"${SCRIPT_OUTPUT_FILE_0}\"\n";
			showEnvVarsInLog = 0;
		};
		3CF18E508EEBC45B96CA83B7 /* [CP] Embed Pods Frameworks */ = {
			isa = PBXShellScriptBuildPhase;
			buildActionMask = 2147483647;
			files = (
			);
			inputFileListPaths = (
				"${PODS_ROOT}/Target Support Files/Pods-CodingAssignment2021/Pods-CodingAssignment2021-frameworks-${CONFIGURATION}-input-files.xcfilelist",
			);
			name = "[CP] Embed Pods Frameworks";
			outputFileListPaths = (
				"${PODS_ROOT}/Target Support Files/Pods-CodingAssignment2021/Pods-CodingAssignment2021-frameworks-${CONFIGURATION}-output-files.xcfilelist",
			);
			runOnlyForDeploymentPostprocessing = 0;
			shellPath = /bin/sh;
			shellScript = "\"${PODS_ROOT}/Target Support Files/Pods-CodingAssignment2021/Pods-CodingAssignment2021-frameworks.sh\"\n";
			showEnvVarsInLog = 0;
		};
/* End PBXShellScriptBuildPhase section */

/* Begin PBXSourcesBuildPhase section */
		A1C4876125B7492700FAD26D /* Sources */ = {
			isa = PBXSourcesBuildPhase;
			buildActionMask = 2147483647;
			files = (
				A1C4876D25B7492700FAD26D /* MenuVC.swift in Sources */,
				857C93A625C846CB00D82213 /* FormattedStringManager.swift in Sources */,
				85BBD75725C72EFE006F5D53 /* BorderedView.swift in Sources */,
				A1C487EF25B883D700FAD26D /* AudioManager.swift in Sources */,
				857C93AE25C8B8AB00D82213 /* RecordTableViewCell.swift in Sources */,
				A1C4879C25B7829600FAD26D /* ESC10SoundClassifierModel.mlmodel in Sources */,
				85BBD75925C82DCE006F5D53 /* BMButton.swift in Sources */,
				85BBD75525C725A9006F5D53 /* BMColor.swift in Sources */,
				A1C4876925B7492700FAD26D /* AppDelegate.swift in Sources */,
				858CD91325CBC87600261BD4 /* ModificationType.swift in Sources */,
				A1C4876B25B7492700FAD26D /* SceneDelegate.swift in Sources */,
				858CD91125CB148400261BD4 /* Extensions.swift in Sources */,
				A1C487C925B78D3200FAD26D /* AudioPreprocessing.m in Sources */,
				8581EB9425C7189700F4E5EA /* BorderedButton.swift in Sources */,
				857C93A425C836D100D82213 /* RecordVC.swift in Sources */,
				85F8420625CAE8A40073332F /* CryIntervals.swift in Sources */,
			);
			runOnlyForDeploymentPostprocessing = 0;
		};
/* End PBXSourcesBuildPhase section */

/* Begin PBXVariantGroup section */
		A1C4876E25B7492700FAD26D /* Prototypes.storyboard */ = {
			isa = PBXVariantGroup;
			children = (
				A1C4876F25B7492700FAD26D /* Base */,
			);
			name = Prototypes.storyboard;
			sourceTree = "<group>";
		};
		A1C4877325B7492A00FAD26D /* LaunchScreen.storyboard */ = {
			isa = PBXVariantGroup;
			children = (
				A1C4877425B7492A00FAD26D /* Base */,
			);
			name = LaunchScreen.storyboard;
			sourceTree = "<group>";
		};
/* End PBXVariantGroup section */

/* Begin XCBuildConfiguration section */
		A1C4878D25B7492A00FAD26D /* Debug */ = {
			isa = XCBuildConfiguration;
			buildSettings = {
				ALWAYS_SEARCH_USER_PATHS = NO;
				CLANG_ANALYZER_NONNULL = YES;
				CLANG_ANALYZER_NUMBER_OBJECT_CONVERSION = YES_AGGRESSIVE;
				CLANG_CXX_LANGUAGE_STANDARD = "gnu++14";
				CLANG_CXX_LIBRARY = "libc++";
				CLANG_ENABLE_MODULES = YES;
				CLANG_ENABLE_OBJC_ARC = YES;
				CLANG_ENABLE_OBJC_WEAK = YES;
				CLANG_WARN_BLOCK_CAPTURE_AUTORELEASING = YES;
				CLANG_WARN_BOOL_CONVERSION = YES;
				CLANG_WARN_COMMA = YES;
				CLANG_WARN_CONSTANT_CONVERSION = YES;
				CLANG_WARN_DEPRECATED_OBJC_IMPLEMENTATIONS = YES;
				CLANG_WARN_DIRECT_OBJC_ISA_USAGE = YES_ERROR;
				CLANG_WARN_DOCUMENTATION_COMMENTS = YES;
				CLANG_WARN_EMPTY_BODY = YES;
				CLANG_WARN_ENUM_CONVERSION = YES;
				CLANG_WARN_INFINITE_RECURSION = YES;
				CLANG_WARN_INT_CONVERSION = YES;
				CLANG_WARN_NON_LITERAL_NULL_CONVERSION = YES;
				CLANG_WARN_OBJC_IMPLICIT_RETAIN_SELF = YES;
				CLANG_WARN_OBJC_LITERAL_CONVERSION = YES;
				CLANG_WARN_OBJC_ROOT_CLASS = YES_ERROR;
				CLANG_WARN_QUOTED_INCLUDE_IN_FRAMEWORK_HEADER = YES;
				CLANG_WARN_RANGE_LOOP_ANALYSIS = YES;
				CLANG_WARN_STRICT_PROTOTYPES = YES;
				CLANG_WARN_SUSPICIOUS_MOVE = YES;
				CLANG_WARN_UNGUARDED_AVAILABILITY = YES_AGGRESSIVE;
				CLANG_WARN_UNREACHABLE_CODE = YES;
				CLANG_WARN__DUPLICATE_METHOD_MATCH = YES;
				COPY_PHASE_STRIP = NO;
				DEBUG_INFORMATION_FORMAT = dwarf;
				ENABLE_STRICT_OBJC_MSGSEND = YES;
				ENABLE_TESTABILITY = YES;
				GCC_C_LANGUAGE_STANDARD = gnu11;
				GCC_DYNAMIC_NO_PIC = NO;
				GCC_NO_COMMON_BLOCKS = YES;
				GCC_OPTIMIZATION_LEVEL = 0;
				GCC_PREPROCESSOR_DEFINITIONS = (
					"DEBUG=1",
					"$(inherited)",
				);
				GCC_WARN_64_TO_32_BIT_CONVERSION = YES;
				GCC_WARN_ABOUT_RETURN_TYPE = YES_ERROR;
				GCC_WARN_UNDECLARED_SELECTOR = YES;
				GCC_WARN_UNINITIALIZED_AUTOS = YES_AGGRESSIVE;
				GCC_WARN_UNUSED_FUNCTION = YES;
				GCC_WARN_UNUSED_VARIABLE = YES;
				IPHONEOS_DEPLOYMENT_TARGET = 13.2;
				MTL_ENABLE_DEBUG_INFO = INCLUDE_SOURCE;
				MTL_FAST_MATH = YES;
				ONLY_ACTIVE_ARCH = YES;
				SDKROOT = iphoneos;
				SWIFT_ACTIVE_COMPILATION_CONDITIONS = DEBUG;
				SWIFT_OPTIMIZATION_LEVEL = "-Onone";
			};
			name = Debug;
		};
		A1C4878E25B7492A00FAD26D /* Release */ = {
			isa = XCBuildConfiguration;
			buildSettings = {
				ALWAYS_SEARCH_USER_PATHS = NO;
				CLANG_ANALYZER_NONNULL = YES;
				CLANG_ANALYZER_NUMBER_OBJECT_CONVERSION = YES_AGGRESSIVE;
				CLANG_CXX_LANGUAGE_STANDARD = "gnu++14";
				CLANG_CXX_LIBRARY = "libc++";
				CLANG_ENABLE_MODULES = YES;
				CLANG_ENABLE_OBJC_ARC = YES;
				CLANG_ENABLE_OBJC_WEAK = YES;
				CLANG_WARN_BLOCK_CAPTURE_AUTORELEASING = YES;
				CLANG_WARN_BOOL_CONVERSION = YES;
				CLANG_WARN_COMMA = YES;
				CLANG_WARN_CONSTANT_CONVERSION = YES;
				CLANG_WARN_DEPRECATED_OBJC_IMPLEMENTATIONS = YES;
				CLANG_WARN_DIRECT_OBJC_ISA_USAGE = YES_ERROR;
				CLANG_WARN_DOCUMENTATION_COMMENTS = YES;
				CLANG_WARN_EMPTY_BODY = YES;
				CLANG_WARN_ENUM_CONVERSION = YES;
				CLANG_WARN_INFINITE_RECURSION = YES;
				CLANG_WARN_INT_CONVERSION = YES;
				CLANG_WARN_NON_LITERAL_NULL_CONVERSION = YES;
				CLANG_WARN_OBJC_IMPLICIT_RETAIN_SELF = YES;
				CLANG_WARN_OBJC_LITERAL_CONVERSION = YES;
				CLANG_WARN_OBJC_ROOT_CLASS = YES_ERROR;
				CLANG_WARN_QUOTED_INCLUDE_IN_FRAMEWORK_HEADER = YES;
				CLANG_WARN_RANGE_LOOP_ANALYSIS = YES;
				CLANG_WARN_STRICT_PROTOTYPES = YES;
				CLANG_WARN_SUSPICIOUS_MOVE = YES;
				CLANG_WARN_UNGUARDED_AVAILABILITY = YES_AGGRESSIVE;
				CLANG_WARN_UNREACHABLE_CODE = YES;
				CLANG_WARN__DUPLICATE_METHOD_MATCH = YES;
				COPY_PHASE_STRIP = NO;
				DEBUG_INFORMATION_FORMAT = "dwarf-with-dsym";
				ENABLE_NS_ASSERTIONS = NO;
				ENABLE_STRICT_OBJC_MSGSEND = YES;
				GCC_C_LANGUAGE_STANDARD = gnu11;
				GCC_NO_COMMON_BLOCKS = YES;
				GCC_WARN_64_TO_32_BIT_CONVERSION = YES;
				GCC_WARN_ABOUT_RETURN_TYPE = YES_ERROR;
				GCC_WARN_UNDECLARED_SELECTOR = YES;
				GCC_WARN_UNINITIALIZED_AUTOS = YES_AGGRESSIVE;
				GCC_WARN_UNUSED_FUNCTION = YES;
				GCC_WARN_UNUSED_VARIABLE = YES;
				IPHONEOS_DEPLOYMENT_TARGET = 13.2;
				MTL_ENABLE_DEBUG_INFO = NO;
				MTL_FAST_MATH = YES;
				SDKROOT = iphoneos;
				SWIFT_COMPILATION_MODE = wholemodule;
				SWIFT_OPTIMIZATION_LEVEL = "-O";
				VALIDATE_PRODUCT = YES;
			};
			name = Release;
		};
		A1C4879025B7492A00FAD26D /* Debug */ = {
			isa = XCBuildConfiguration;
			baseConfigurationReference = B8740A0E4330E7F60382080D /* Pods-CodingAssignment2021.debug.xcconfig */;
			buildSettings = {
				ASSETCATALOG_COMPILER_APPICON_NAME = AppIcon;
				ASSETCATALOG_COMPILER_GLOBAL_ACCENT_COLOR_NAME = AccentColor;
				CLANG_ENABLE_MODULES = YES;
				CODE_SIGN_ENTITLEMENTS = "CodingAssignment2021/Supporting Files/CodingAssignment2021.entitlements";
				CODE_SIGN_STYLE = Automatic;
				DEVELOPMENT_TEAM = SA9EY248Y9;
				INFOPLIST_FILE = CodingAssignment2021/Info.plist;
				IPHONEOS_DEPLOYMENT_TARGET = 13.2;
				LD_RUNPATH_SEARCH_PATHS = (
					"$(inherited)",
					"@executable_path/Frameworks",
				);
				LIBRARY_SEARCH_PATHS = (
					"$(inherited)",
					"$(PROJECT_DIR)/CodingAssignment2021",
				);
				PRODUCT_BUNDLE_IDENTIFIER = com.bose.ccjeffhuang.CodingAssignment2021;
				PRODUCT_NAME = "$(TARGET_NAME)";
				SWIFT_OBJC_BRIDGING_HEADER = "CodingAssignment2021/CodingAssignment2021-Bridging-Header.h";
				SWIFT_OPTIMIZATION_LEVEL = "-Onone";
				SWIFT_VERSION = 5.0;
				TARGETED_DEVICE_FAMILY = 1;
				VALIDATE_WORKSPACE = YES;
			};
			name = Debug;
		};
		A1C4879125B7492A00FAD26D /* Release */ = {
			isa = XCBuildConfiguration;
			baseConfigurationReference = FA5A4F99C266D0B7B718BB5C /* Pods-CodingAssignment2021.release.xcconfig */;
			buildSettings = {
				ASSETCATALOG_COMPILER_APPICON_NAME = AppIcon;
				ASSETCATALOG_COMPILER_GLOBAL_ACCENT_COLOR_NAME = AccentColor;
				CLANG_ENABLE_MODULES = YES;
				CODE_SIGN_ENTITLEMENTS = "CodingAssignment2021/Supporting Files/CodingAssignment2021.entitlements";
				CODE_SIGN_STYLE = Automatic;
				DEVELOPMENT_TEAM = SA9EY248Y9;
				INFOPLIST_FILE = CodingAssignment2021/Info.plist;
				IPHONEOS_DEPLOYMENT_TARGET = 13.2;
				LD_RUNPATH_SEARCH_PATHS = (
					"$(inherited)",
					"@executable_path/Frameworks",
				);
				LIBRARY_SEARCH_PATHS = (
					"$(inherited)",
					"$(PROJECT_DIR)/CodingAssignment2021",
				);
				PRODUCT_BUNDLE_IDENTIFIER = com.bose.ccjeffhuang.CodingAssignment2021;
				PRODUCT_NAME = "$(TARGET_NAME)";
				SWIFT_OBJC_BRIDGING_HEADER = "CodingAssignment2021/CodingAssignment2021-Bridging-Header.h";
				SWIFT_VERSION = 5.0;
				TARGETED_DEVICE_FAMILY = 1;
				VALIDATE_WORKSPACE = YES;
			};
			name = Release;
		};
/* End XCBuildConfiguration section */

/* Begin XCConfigurationList section */
		A1C4876025B7492600FAD26D /* Build configuration list for PBXProject "CodingAssignment2021" */ = {
			isa = XCConfigurationList;
			buildConfigurations = (
				A1C4878D25B7492A00FAD26D /* Debug */,
				A1C4878E25B7492A00FAD26D /* Release */,
			);
			defaultConfigurationIsVisible = 0;
			defaultConfigurationName = Release;
		};
		A1C4878F25B7492A00FAD26D /* Build configuration list for PBXNativeTarget "CodingAssignment2021" */ = {
			isa = XCConfigurationList;
			buildConfigurations = (
				A1C4879025B7492A00FAD26D /* Debug */,
				A1C4879125B7492A00FAD26D /* Release */,
			);
			defaultConfigurationIsVisible = 0;
			defaultConfigurationName = Release;
		};
/* End XCConfigurationList section */
	};
	rootObject = A1C4875D25B7492600FAD26D /* Project object */;
}
